
Microsoft Visual Studio Solution File, Format Version 12.00
# Visual Studio 15
VisualStudioVersion = 15.0.27703.2042
MinimumVisualStudioVersion = 10.0.40219.1
Project("{FAE04EC0-301F-11D3-BF4B-00C04F79EFBC}") = "Exercicio 1", "Exercicio 1\Exercicio 1.csproj", "{BFB0C35A-2830-4025-BEEC-998D77F0A16F}"
EndProject
Global
	GlobalSection(SolutionConfigurationPlatforms) = preSolution
		Debug|Any CPU = Debug|Any CPU
		Release|Any CPU = Release|Any CPU
	EndGlobalSection
	GlobalSection(ProjectConfigurationPlatforms) = postSolution
		{BFB0C35A-2830-4025-BEEC-998D77F0A16F}.Debug|Any CPU.ActiveCfg = Debug|Any CPU
		{BFB0C35A-2830-4025-BEEC-998D77F0A16F}.Debug|Any CPU.Build.0 = Debug|Any CPU
		{BFB0C35A-2830-4025-BEEC-998D77F0A16F}.Release|Any CPU.ActiveCfg = Release|Any CPU
		{BFB0C35A-2830-4025-BEEC-998D77F0A16F}.Release|Any CPU.Build.0 = Release|Any CPU
	EndGlobalSection
	GlobalSection(SolutionProperties) = preSolution
		HideSolutionNode = FALSE
	EndGlobalSection
	GlobalSection(ExtensibilityGlobals) = postSolution
		SolutionGuid = {0316748E-A53D-43BD-B65B-BCAC9AE70038}
	EndGlobalSection
EndGlobal
