
Microsoft Visual Studio Solution File, Format Version 12.00
# Visual Studio 15
VisualStudioVersion = 15.0.27703.2042
MinimumVisualStudioVersion = 10.0.40219.1
Project("{FAE04EC0-301F-11D3-BF4B-00C04F79EFBC}") = "ponto", "ponto\ponto.csproj", "{D9B365D9-FD05-4A13-A4FD-50311801150B}"
EndProject
Global
	GlobalSection(SolutionConfigurationPlatforms) = preSolution
		Debug|Any CPU = Debug|Any CPU
		Release|Any CPU = Release|Any CPU
	EndGlobalSection
	GlobalSection(ProjectConfigurationPlatforms) = postSolution
		{D9B365D9-FD05-4A13-A4FD-50311801150B}.Debug|Any CPU.ActiveCfg = Debug|Any CPU
		{D9B365D9-FD05-4A13-A4FD-50311801150B}.Debug|Any CPU.Build.0 = Debug|Any CPU
		{D9B365D9-FD05-4A13-A4FD-50311801150B}.Release|Any CPU.ActiveCfg = Release|Any CPU
		{D9B365D9-FD05-4A13-A4FD-50311801150B}.Release|Any CPU.Build.0 = Release|Any CPU
	EndGlobalSection
	GlobalSection(SolutionProperties) = preSolution
		HideSolutionNode = FALSE
	EndGlobalSection
	GlobalSection(ExtensibilityGlobals) = postSolution
		SolutionGuid = {379360A0-10E2-4878-97F0-EC5014F6855B}
	EndGlobalSection
EndGlobal
