
Microsoft Visual Studio Solution File, Format Version 12.00
# Visual Studio 15
VisualStudioVersion = 15.0.27703.2042
MinimumVisualStudioVersion = 10.0.40219.1
Project("{8BC9CEB8-8B4A-11D0-8D11-00A0C91BC942}") = "3.Classe Data", "3.Classe Data\3.Classe Data.vcxproj", "{C484E6E6-E1FD-4D00-9088-1992AF3CC106}"
EndProject
Global
	GlobalSection(SolutionConfigurationPlatforms) = preSolution
		Debug|x64 = Debug|x64
		Debug|x86 = Debug|x86
		Release|x64 = Release|x64
		Release|x86 = Release|x86
	EndGlobalSection
	GlobalSection(ProjectConfigurationPlatforms) = postSolution
		{C484E6E6-E1FD-4D00-9088-1992AF3CC106}.Debug|x64.ActiveCfg = Debug|x64
		{C484E6E6-E1FD-4D00-9088-1992AF3CC106}.Debug|x64.Build.0 = Debug|x64
		{C484E6E6-E1FD-4D00-9088-1992AF3CC106}.Debug|x86.ActiveCfg = Debug|Win32
		{C484E6E6-E1FD-4D00-9088-1992AF3CC106}.Debug|x86.Build.0 = Debug|Win32
		{C484E6E6-E1FD-4D00-9088-1992AF3CC106}.Release|x64.ActiveCfg = Release|x64
		{C484E6E6-E1FD-4D00-9088-1992AF3CC106}.Release|x64.Build.0 = Release|x64
		{C484E6E6-E1FD-4D00-9088-1992AF3CC106}.Release|x86.ActiveCfg = Release|Win32
		{C484E6E6-E1FD-4D00-9088-1992AF3CC106}.Release|x86.Build.0 = Release|Win32
	EndGlobalSection
	GlobalSection(SolutionProperties) = preSolution
		HideSolutionNode = FALSE
	EndGlobalSection
	GlobalSection(ExtensibilityGlobals) = postSolution
		SolutionGuid = {45542EFD-0994-4AED-A21A-17B0561EEA28}
	EndGlobalSection
EndGlobal
