
Microsoft Visual Studio Solution File, Format Version 12.00
# Visual Studio 15
VisualStudioVersion = 15.0.27703.2042
MinimumVisualStudioVersion = 10.0.40219.1
Project("{FAE04EC0-301F-11D3-BF4B-00C04F79EFBC}") = "Exercicio 2", "Exercicio 2\Exercicio 2.csproj", "{F3940EAD-80DA-41D2-BAC4-6BE28679248C}"
EndProject
Global
	GlobalSection(SolutionConfigurationPlatforms) = preSolution
		Debug|Any CPU = Debug|Any CPU
		Release|Any CPU = Release|Any CPU
	EndGlobalSection
	GlobalSection(ProjectConfigurationPlatforms) = postSolution
		{F3940EAD-80DA-41D2-BAC4-6BE28679248C}.Debug|Any CPU.ActiveCfg = Debug|Any CPU
		{F3940EAD-80DA-41D2-BAC4-6BE28679248C}.Debug|Any CPU.Build.0 = Debug|Any CPU
		{F3940EAD-80DA-41D2-BAC4-6BE28679248C}.Release|Any CPU.ActiveCfg = Release|Any CPU
		{F3940EAD-80DA-41D2-BAC4-6BE28679248C}.Release|Any CPU.Build.0 = Release|Any CPU
	EndGlobalSection
	GlobalSection(SolutionProperties) = preSolution
		HideSolutionNode = FALSE
	EndGlobalSection
	GlobalSection(ExtensibilityGlobals) = postSolution
		SolutionGuid = {766E3089-D067-431C-B596-9F983E064218}
	EndGlobalSection
EndGlobal
